{
  "requires": true,
  "lockfileVersion": 1,
  "dependencies": {
    "@headlessui/vue": {
      "version": "1.4.2",
      "resolved": "https://registry.npmjs.org/@headlessui/vue/-/vue-1.4.2.tgz",
      "integrity": "sha512-+uOaPwHncxHZ6JBwYycu3YxDDrY0v1tcxCtK04H1WGBLBm07dqVi38Q2RB7eY867FUhD0sL6q+Fj69rVn8P0OQ=="
    }
  }
}
